// !$*UTF8*$!
{
	archiveVersion = 1;
	classes = {
	};
	objectVersion = 50;
	objects = {

/* Begin PBXBuildFile section */
		76008FA524ADD71E00B858F5 /* AppDelegate.swift in Sources */ = {isa = PBXBuildFile; fileRef = 76008FA424ADD71E00B858F5 /* AppDelegate.swift */; };
		76008FA724ADD71E00B858F5 /* SceneDelegate.swift in Sources */ = {isa = PBXBuildFile; fileRef = 76008FA624ADD71E00B858F5 /* SceneDelegate.swift */; };
		76008FA924ADD71E00B858F5 /* ViewController.swift in Sources */ = {isa = PBXBuildFile; fileRef = 76008FA824ADD71E00B858F5 /* ViewController.swift */; };
		76008FAF24ADD71E00B858F5 /* ViperNews.xcdatamodeld in Sources */ = {isa = PBXBuildFile; fileRef = 76008FAD24ADD71E00B858F5 /* ViperNews.xcdatamodeld */; };
		76008FB124ADD72000B858F5 /* Assets.xcassets in Resources */ = {isa = PBXBuildFile; fileRef = 76008FB024ADD72000B858F5 /* Assets.xcassets */; };
		76008FB424ADD72000B858F5 /* LaunchScreen.storyboard in Resources */ = {isa = PBXBuildFile; fileRef = 76008FB224ADD72000B858F5 /* LaunchScreen.storyboard */; };
		76008FBF24ADD72000B858F5 /* ViperNewsTests.swift in Sources */ = {isa = PBXBuildFile; fileRef = 76008FBE24ADD72000B858F5 /* ViperNewsTests.swift */; };
		76008FCA24AE3A5700B858F5 /* NewsCoordinator.swift in Sources */ = {isa = PBXBuildFile; fileRef = 76008FC924AE3A5700B858F5 /* NewsCoordinator.swift */; };
		76008FCD24AE452D00B858F5 /* Coordinating.swift in Sources */ = {isa = PBXBuildFile; fileRef = 76008FCC24AE452D00B858F5 /* Coordinating.swift */; };
		76008FCF24AE454500B858F5 /* Coordinator.swift in Sources */ = {isa = PBXBuildFile; fileRef = 76008FCE24AE454500B858F5 /* Coordinator.swift */; };
		76008FD124AE455F00B858F5 /* NavigationCoordinator.swift in Sources */ = {isa = PBXBuildFile; fileRef = 76008FD024AE455F00B858F5 /* NavigationCoordinator.swift */; };
/* End PBXBuildFile section */

/* Begin PBXContainerItemProxy section */
		76008FBB24ADD72000B858F5 /* PBXContainerItemProxy */ = {
			isa = PBXContainerItemProxy;
			containerPortal = 76008F9924ADD71E00B858F5 /* Project object */;
			proxyType = 1;
			remoteGlobalIDString = 76008FA024ADD71E00B858F5;
			remoteInfo = ViperNews;
		};
/* End PBXContainerItemProxy section */

/* Begin PBXFileReference section */
		76008FA124ADD71E00B858F5 /* ViperNews.app */ = {isa = PBXFileReference; explicitFileType = wrapper.application; includeInIndex = 0; path = ViperNews.app; sourceTree = BUILT_PRODUCTS_DIR; };
		76008FA424ADD71E00B858F5 /* AppDelegate.swift */ = {isa = PBXFileReference; lastKnownFileType = sourcecode.swift; path = AppDelegate.swift; sourceTree = "<group>"; };
		76008FA624ADD71E00B858F5 /* SceneDelegate.swift */ = {isa = PBXFileReference; lastKnownFileType = sourcecode.swift; path = SceneDelegate.swift; sourceTree = "<group>"; };
		76008FA824ADD71E00B858F5 /* ViewController.swift */ = {isa = PBXFileReference; lastKnownFileType = sourcecode.swift; path = ViewController.swift; sourceTree = "<group>"; };
		76008FAE24ADD71E00B858F5 /* ViperNews.xcdatamodel */ = {isa = PBXFileReference; lastKnownFileType = wrapper.xcdatamodel; path = ViperNews.xcdatamodel; sourceTree = "<group>"; };
		76008FB024ADD72000B858F5 /* Assets.xcassets */ = {isa = PBXFileReference; lastKnownFileType = folder.assetcatalog; path = Assets.xcassets; sourceTree = "<group>"; };
		76008FB324ADD72000B858F5 /* Base */ = {isa = PBXFileReference; lastKnownFileType = file.storyboard; name = Base; path = Base.lproj/LaunchScreen.storyboard; sourceTree = "<group>"; };
		76008FB524ADD72000B858F5 /* Info.plist */ = {isa = PBXFileReference; lastKnownFileType = text.plist.xml; path = Info.plist; sourceTree = "<group>"; };
		76008FBA24ADD72000B858F5 /* ViperNewsTests.xctest */ = {isa = PBXFileReference; explicitFileType = wrapper.cfbundle; includeInIndex = 0; path = ViperNewsTests.xctest; sourceTree = BUILT_PRODUCTS_DIR; };
		76008FBE24ADD72000B858F5 /* ViperNewsTests.swift */ = {isa = PBXFileReference; lastKnownFileType = sourcecode.swift; path = ViperNewsTests.swift; sourceTree = "<group>"; };
		76008FC024ADD72000B858F5 /* Info.plist */ = {isa = PBXFileReference; lastKnownFileType = text.plist.xml; path = Info.plist; sourceTree = "<group>"; };
		76008FC924AE3A5700B858F5 /* NewsCoordinator.swift */ = {isa = PBXFileReference; lastKnownFileType = sourcecode.swift; path = NewsCoordinator.swift; sourceTree = "<group>"; };
		76008FCC24AE452D00B858F5 /* Coordinating.swift */ = {isa = PBXFileReference; lastKnownFileType = sourcecode.swift; path = Coordinating.swift; sourceTree = "<group>"; };
		76008FCE24AE454500B858F5 /* Coordinator.swift */ = {isa = PBXFileReference; lastKnownFileType = sourcecode.swift; path = Coordinator.swift; sourceTree = "<group>"; };
		76008FD024AE455F00B858F5 /* NavigationCoordinator.swift */ = {isa = PBXFileReference; lastKnownFileType = sourcecode.swift; path = NavigationCoordinator.swift; sourceTree = "<group>"; };
/* End PBXFileReference section */

/* Begin PBXFrameworksBuildPhase section */
		76008F9E24ADD71E00B858F5 /* Frameworks */ = {
			isa = PBXFrameworksBuildPhase;
			buildActionMask = 2147483647;
			files = (
			);
			runOnlyForDeploymentPostprocessing = 0;
		};
		76008FB724ADD72000B858F5 /* Frameworks */ = {
			isa = PBXFrameworksBuildPhase;
			buildActionMask = 2147483647;
			files = (
			);
			runOnlyForDeploymentPostprocessing = 0;
		};
/* End PBXFrameworksBuildPhase section */

/* Begin PBXGroup section */
		76008F9824ADD71E00B858F5 = {
			isa = PBXGroup;
			children = (
				76008FA324ADD71E00B858F5 /* ViperNews */,
				76008FBD24ADD72000B858F5 /* ViperNewsTests */,
				76008FA224ADD71E00B858F5 /* Products */,
			);
			sourceTree = "<group>";
		};
		76008FA224ADD71E00B858F5 /* Products */ = {
			isa = PBXGroup;
			children = (
				76008FA124ADD71E00B858F5 /* ViperNews.app */,
				76008FBA24ADD72000B858F5 /* ViperNewsTests.xctest */,
			);
			name = Products;
			sourceTree = "<group>";
		};
		76008FA324ADD71E00B858F5 /* ViperNews */ = {
			isa = PBXGroup;
			children = (
				76008FCB24AE451800B858F5 /* Coordinators */,
				76008FA424ADD71E00B858F5 /* AppDelegate.swift */,
				76008FA624ADD71E00B858F5 /* SceneDelegate.swift */,
				76008FA824ADD71E00B858F5 /* ViewController.swift */,
				76008FB024ADD72000B858F5 /* Assets.xcassets */,
				76008FB224ADD72000B858F5 /* LaunchScreen.storyboard */,
				76008FB524ADD72000B858F5 /* Info.plist */,
				76008FAD24ADD71E00B858F5 /* ViperNews.xcdatamodeld */,
			);
			path = ViperNews;
			sourceTree = "<group>";
		};
		76008FBD24ADD72000B858F5 /* ViperNewsTests */ = {
			isa = PBXGroup;
			children = (
				76008FBE24ADD72000B858F5 /* ViperNewsTests.swift */,
				76008FC024ADD72000B858F5 /* Info.plist */,
			);
			path = ViperNewsTests;
			sourceTree = "<group>";
		};
		76008FCB24AE451800B858F5 /* Coordinators */ = {
			isa = PBXGroup;
			children = (
				76008FCC24AE452D00B858F5 /* Coordinating.swift */,
				76008FCE24AE454500B858F5 /* Coordinator.swift */,
				76008FD024AE455F00B858F5 /* NavigationCoordinator.swift */,
				76008FC924AE3A5700B858F5 /* NewsCoordinator.swift */,
			);
			path = Coordinators;
			sourceTree = "<group>";
		};
/* End PBXGroup section */

/* Begin PBXNativeTarget section */
		76008FA024ADD71E00B858F5 /* ViperNews */ = {
			isa = PBXNativeTarget;
			buildConfigurationList = 76008FC324ADD72000B858F5 /* Build configuration list for PBXNativeTarget "ViperNews" */;
			buildPhases = (
				76008F9D24ADD71E00B858F5 /* Sources */,
				76008F9E24ADD71E00B858F5 /* Frameworks */,
				76008F9F24ADD71E00B858F5 /* Resources */,
			);
			buildRules = (
			);
			dependencies = (
			);
			name = ViperNews;
			productName = ViperNews;
			productReference = 76008FA124ADD71E00B858F5 /* ViperNews.app */;
			productType = "com.apple.product-type.application";
		};
		76008FB924ADD72000B858F5 /* ViperNewsTests */ = {
			isa = PBXNativeTarget;
			buildConfigurationList = 76008FC624ADD72000B858F5 /* Build configuration list for PBXNativeTarget "ViperNewsTests" */;
			buildPhases = (
				76008FB624ADD72000B858F5 /* Sources */,
				76008FB724ADD72000B858F5 /* Frameworks */,
				76008FB824ADD72000B858F5 /* Resources */,
			);
			buildRules = (
			);
			dependencies = (
				76008FBC24ADD72000B858F5 /* PBXTargetDependency */,
			);
			name = ViperNewsTests;
			productName = ViperNewsTests;
			productReference = 76008FBA24ADD72000B858F5 /* ViperNewsTests.xctest */;
			productType = "com.apple.product-type.bundle.unit-test";
		};
/* End PBXNativeTarget section */

/* Begin PBXProject section */
		76008F9924ADD71E00B858F5 /* Project object */ = {
			isa = PBXProject;
			attributes = {
				LastSwiftUpdateCheck = 1150;
				LastUpgradeCheck = 1150;
				ORGANIZATIONNAME = "Тарас Минин";
				TargetAttributes = {
					76008FA024ADD71E00B858F5 = {
						CreatedOnToolsVersion = 11.5;
					};
					76008FB924ADD72000B858F5 = {
						CreatedOnToolsVersion = 11.5;
						TestTargetID = 76008FA024ADD71E00B858F5;
					};
				};
			};
			buildConfigurationList = 76008F9C24ADD71E00B858F5 /* Build configuration list for PBXProject "ViperNews" */;
			compatibilityVersion = "Xcode 9.3";
			developmentRegion = en;
			hasScannedForEncodings = 0;
			knownRegions = (
				en,
				Base,
			);
			mainGroup = 76008F9824ADD71E00B858F5;
			productRefGroup = 76008FA224ADD71E00B858F5 /* Products */;
			projectDirPath = "";
			projectRoot = "";
			targets = (
				76008FA024ADD71E00B858F5 /* ViperNews */,
				76008FB924ADD72000B858F5 /* ViperNewsTests */,
			);
		};
/* End PBXProject section */

/* Begin PBXResourcesBuildPhase section */
		76008F9F24ADD71E00B858F5 /* Resources */ = {
			isa = PBXResourcesBuildPhase;
			buildActionMask = 2147483647;
			files = (
				76008FB424ADD72000B858F5 /* LaunchScreen.storyboard in Resources */,
				76008FB124ADD72000B858F5 /* Assets.xcassets in Resources */,
			);
			runOnlyForDeploymentPostprocessing = 0;
		};
		76008FB824ADD72000B858F5 /* Resources */ = {
			isa = PBXResourcesBuildPhase;
			buildActionMask = 2147483647;
			files = (
			);
			runOnlyForDeploymentPostprocessing = 0;
		};
/* End PBXResourcesBuildPhase section */

/* Begin PBXSourcesBuildPhase section */
		76008F9D24ADD71E00B858F5 /* Sources */ = {
			isa = PBXSourcesBuildPhase;
			buildActionMask = 2147483647;
			files = (
				76008FA924ADD71E00B858F5 /* ViewController.swift in Sources */,
				76008FAF24ADD71E00B858F5 /* ViperNews.xcdatamodeld in Sources */,
				76008FD124AE455F00B858F5 /* NavigationCoordinator.swift in Sources */,
				76008FA524ADD71E00B858F5 /* AppDelegate.swift in Sources */,
				76008FCA24AE3A5700B858F5 /* NewsCoordinator.swift in Sources */,
				76008FCD24AE452D00B858F5 /* Coordinating.swift in Sources */,
				76008FA724ADD71E00B858F5 /* SceneDelegate.swift in Sources */,
				76008FCF24AE454500B858F5 /* Coordinator.swift in Sources */,
			);
			runOnlyForDeploymentPostprocessing = 0;
		};
		76008FB624ADD72000B858F5 /* Sources */ = {
			isa = PBXSourcesBuildPhase;
			buildActionMask = 2147483647;
			files = (
				76008FBF24ADD72000B858F5 /* ViperNewsTests.swift in Sources */,
			);
			runOnlyForDeploymentPostprocessing = 0;
		};
/* End PBXSourcesBuildPhase section */

/* Begin PBXTargetDependency section */
		76008FBC24ADD72000B858F5 /* PBXTargetDependency */ = {
			isa = PBXTargetDependency;
			target = 76008FA024ADD71E00B858F5 /* ViperNews */;
			targetProxy = 76008FBB24ADD72000B858F5 /* PBXContainerItemProxy */;
		};
/* End PBXTargetDependency section */

/* Begin PBXVariantGroup section */
		76008FB224ADD72000B858F5 /* LaunchScreen.storyboard */ = {
			isa = PBXVariantGroup;
			children = (
				76008FB324ADD72000B858F5 /* Base */,
			);
			name = LaunchScreen.storyboard;
			sourceTree = "<group>";
		};
/* End PBXVariantGroup section */

/* Begin XCBuildConfiguration section */
		76008FC124ADD72000B858F5 /* Debug */ = {
			isa = XCBuildConfiguration;
			buildSettings = {
				ALWAYS_SEARCH_USER_PATHS = NO;
				CLANG_ANALYZER_NONNULL = YES;
				CLANG_ANALYZER_NUMBER_OBJECT_CONVERSION = YES_AGGRESSIVE;
				CLANG_CXX_LANGUAGE_STANDARD = "gnu++14";
				CLANG_CXX_LIBRARY = "libc++";
				CLANG_ENABLE_MODULES = YES;
				CLANG_ENABLE_OBJC_ARC = YES;
				CLANG_ENABLE_OBJC_WEAK = YES;
				CLANG_WARN_BLOCK_CAPTURE_AUTORELEASING = YES;
				CLANG_WARN_BOOL_CONVERSION = YES;
				CLANG_WARN_COMMA = YES;
				CLANG_WARN_CONSTANT_CONVERSION = YES;
				CLANG_WARN_DEPRECATED_OBJC_IMPLEMENTATIONS = YES;
				CLANG_WARN_DIRECT_OBJC_ISA_USAGE = YES_ERROR;
				CLANG_WARN_DOCUMENTATION_COMMENTS = YES;
				CLANG_WARN_EMPTY_BODY = YES;
				CLANG_WARN_ENUM_CONVERSION = YES;
				CLANG_WARN_INFINITE_RECURSION = YES;
				CLANG_WARN_INT_CONVERSION = YES;
				CLANG_WARN_NON_LITERAL_NULL_CONVERSION = YES;
				CLANG_WARN_OBJC_IMPLICIT_RETAIN_SELF = YES;
				CLANG_WARN_OBJC_LITERAL_CONVERSION = YES;
				CLANG_WARN_OBJC_ROOT_CLASS = YES_ERROR;
				CLANG_WARN_RANGE_LOOP_ANALYSIS = YES;
				CLANG_WARN_STRICT_PROTOTYPES = YES;
				CLANG_WARN_SUSPICIOUS_MOVE = YES;
				CLANG_WARN_UNGUARDED_AVAILABILITY = YES_AGGRESSIVE;
				CLANG_WARN_UNREACHABLE_CODE = YES;
				CLANG_WARN__DUPLICATE_METHOD_MATCH = YES;
				COPY_PHASE_STRIP = NO;
				DEBUG_INFORMATION_FORMAT = dwarf;
				ENABLE_STRICT_OBJC_MSGSEND = YES;
				ENABLE_TESTABILITY = YES;
				GCC_C_LANGUAGE_STANDARD = gnu11;
				GCC_DYNAMIC_NO_PIC = NO;
				GCC_NO_COMMON_BLOCKS = YES;
				GCC_OPTIMIZATION_LEVEL = 0;
				GCC_PREPROCESSOR_DEFINITIONS = (
					"DEBUG=1",
					"$(inherited)",
				);
				GCC_WARN_64_TO_32_BIT_CONVERSION = YES;
				GCC_WARN_ABOUT_RETURN_TYPE = YES_ERROR;
				GCC_WARN_UNDECLARED_SELECTOR = YES;
				GCC_WARN_UNINITIALIZED_AUTOS = YES_AGGRESSIVE;
				GCC_WARN_UNUSED_FUNCTION = YES;
				GCC_WARN_UNUSED_VARIABLE = YES;
				IPHONEOS_DEPLOYMENT_TARGET = 13.5;
				MTL_ENABLE_DEBUG_INFO = INCLUDE_SOURCE;
				MTL_FAST_MATH = YES;
				ONLY_ACTIVE_ARCH = YES;
				SDKROOT = iphoneos;
				SWIFT_ACTIVE_COMPILATION_CONDITIONS = DEBUG;
				SWIFT_OPTIMIZATION_LEVEL = "-Onone";
			};
			name = Debug;
		};
		76008FC224ADD72000B858F5 /* Release */ = {
			isa = XCBuildConfiguration;
			buildSettings = {
				ALWAYS_SEARCH_USER_PATHS = NO;
				CLANG_ANALYZER_NONNULL = YES;
				CLANG_ANALYZER_NUMBER_OBJECT_CONVERSION = YES_AGGRESSIVE;
				CLANG_CXX_LANGUAGE_STANDARD = "gnu++14";
				CLANG_CXX_LIBRARY = "libc++";
				CLANG_ENABLE_MODULES = YES;
				CLANG_ENABLE_OBJC_ARC = YES;
				CLANG_ENABLE_OBJC_WEAK = YES;
				CLANG_WARN_BLOCK_CAPTURE_AUTORELEASING = YES;
				CLANG_WARN_BOOL_CONVERSION = YES;
				CLANG_WARN_COMMA = YES;
				CLANG_WARN_CONSTANT_CONVERSION = YES;
				CLANG_WARN_DEPRECATED_OBJC_IMPLEMENTATIONS = YES;
				CLANG_WARN_DIRECT_OBJC_ISA_USAGE = YES_ERROR;
				CLANG_WARN_DOCUMENTATION_COMMENTS = YES;
				CLANG_WARN_EMPTY_BODY = YES;
				CLANG_WARN_ENUM_CONVERSION = YES;
				CLANG_WARN_INFINITE_RECURSION = YES;
				CLANG_WARN_INT_CONVERSION = YES;
				CLANG_WARN_NON_LITERAL_NULL_CONVERSION = YES;
				CLANG_WARN_OBJC_IMPLICIT_RETAIN_SELF = YES;
				CLANG_WARN_OBJC_LITERAL_CONVERSION = YES;
				CLANG_WARN_OBJC_ROOT_CLASS = YES_ERROR;
				CLANG_WARN_RANGE_LOOP_ANALYSIS = YES;
				CLANG_WARN_STRICT_PROTOTYPES = YES;
				CLANG_WARN_SUSPICIOUS_MOVE = YES;
				CLANG_WARN_UNGUARDED_AVAILABILITY = YES_AGGRESSIVE;
				CLANG_WARN_UNREACHABLE_CODE = YES;
				CLANG_WARN__DUPLICATE_METHOD_MATCH = YES;
				COPY_PHASE_STRIP = NO;
				DEBUG_INFORMATION_FORMAT = "dwarf-with-dsym";
				ENABLE_NS_ASSERTIONS = NO;
				ENABLE_STRICT_OBJC_MSGSEND = YES;
				GCC_C_LANGUAGE_STANDARD = gnu11;
				GCC_NO_COMMON_BLOCKS = YES;
				GCC_WARN_64_TO_32_BIT_CONVERSION = YES;
				GCC_WARN_ABOUT_RETURN_TYPE = YES_ERROR;
				GCC_WARN_UNDECLARED_SELECTOR = YES;
				GCC_WARN_UNINITIALIZED_AUTOS = YES_AGGRESSIVE;
				GCC_WARN_UNUSED_FUNCTION = YES;
				GCC_WARN_UNUSED_VARIABLE = YES;
				IPHONEOS_DEPLOYMENT_TARGET = 13.5;
				MTL_ENABLE_DEBUG_INFO = NO;
				MTL_FAST_MATH = YES;
				SDKROOT = iphoneos;
				SWIFT_COMPILATION_MODE = wholemodule;
				SWIFT_OPTIMIZATION_LEVEL = "-O";
				VALIDATE_PRODUCT = YES;
			};
			name = Release;
		};
		76008FC424ADD72000B858F5 /* Debug */ = {
			isa = XCBuildConfiguration;
			buildSettings = {
				ASSETCATALOG_COMPILER_APPICON_NAME = AppIcon;
				CODE_SIGN_STYLE = Automatic;
				DEVELOPMENT_TEAM = D82HCVQN26;
				INFOPLIST_FILE = ViperNews/Info.plist;
				LD_RUNPATH_SEARCH_PATHS = (
					"$(inherited)",
					"@executable_path/Frameworks",
				);
				PRODUCT_BUNDLE_IDENTIFIER = taras.ViperNews;
				PRODUCT_NAME = "$(TARGET_NAME)";
				SWIFT_VERSION = 5.0;
				TARGETED_DEVICE_FAMILY = "1,2";
			};
			name = Debug;
		};
		76008FC524ADD72000B858F5 /* Release */ = {
			isa = XCBuildConfiguration;
			buildSettings = {
				ASSETCATALOG_COMPILER_APPICON_NAME = AppIcon;
				CODE_SIGN_STYLE = Automatic;
				DEVELOPMENT_TEAM = D82HCVQN26;
				INFOPLIST_FILE = ViperNews/Info.plist;
				LD_RUNPATH_SEARCH_PATHS = (
					"$(inherited)",
					"@executable_path/Frameworks",
				);
				PRODUCT_BUNDLE_IDENTIFIER = taras.ViperNews;
				PRODUCT_NAME = "$(TARGET_NAME)";
				SWIFT_VERSION = 5.0;
				TARGETED_DEVICE_FAMILY = "1,2";
			};
			name = Release;
		};
		76008FC724ADD72000B858F5 /* Debug */ = {
			isa = XCBuildConfiguration;
			buildSettings = {
				ALWAYS_EMBED_SWIFT_STANDARD_LIBRARIES = YES;
				BUNDLE_LOADER = "$(TEST_HOST)";
				CODE_SIGN_STYLE = Automatic;
				DEVELOPMENT_TEAM = D82HCVQN26;
				INFOPLIST_FILE = ViperNewsTests/Info.plist;
				IPHONEOS_DEPLOYMENT_TARGET = 13.5;
				LD_RUNPATH_SEARCH_PATHS = (
					"$(inherited)",
					"@executable_path/Frameworks",
					"@loader_path/Frameworks",
				);
				PRODUCT_BUNDLE_IDENTIFIER = taras.ViperNewsTests;
				PRODUCT_NAME = "$(TARGET_NAME)";
				SWIFT_VERSION = 5.0;
				TARGETED_DEVICE_FAMILY = "1,2";
				TEST_HOST = "$(BUILT_PRODUCTS_DIR)/ViperNews.app/ViperNews";
			};
			name = Debug;
		};
		76008FC824ADD72000B858F5 /* Release */ = {
			isa = XCBuildConfiguration;
			buildSettings = {
				ALWAYS_EMBED_SWIFT_STANDARD_LIBRARIES = YES;
				BUNDLE_LOADER = "$(TEST_HOST)";
				CODE_SIGN_STYLE = Automatic;
				DEVELOPMENT_TEAM = D82HCVQN26;
				INFOPLIST_FILE = ViperNewsTests/Info.plist;
				IPHONEOS_DEPLOYMENT_TARGET = 13.5;
				LD_RUNPATH_SEARCH_PATHS = (
					"$(inherited)",
					"@executable_path/Frameworks",
					"@loader_path/Frameworks",
				);
				PRODUCT_BUNDLE_IDENTIFIER = taras.ViperNewsTests;
				PRODUCT_NAME = "$(TARGET_NAME)";
				SWIFT_VERSION = 5.0;
				TARGETED_DEVICE_FAMILY = "1,2";
				TEST_HOST = "$(BUILT_PRODUCTS_DIR)/ViperNews.app/ViperNews";
			};
			name = Release;
		};
/* End XCBuildConfiguration section */

/* Begin XCConfigurationList section */
		76008F9C24ADD71E00B858F5 /* Build configuration list for PBXProject "ViperNews" */ = {
			isa = XCConfigurationList;
			buildConfigurations = (
				76008FC124ADD72000B858F5 /* Debug */,
				76008FC224ADD72000B858F5 /* Release */,
			);
			defaultConfigurationIsVisible = 0;
			defaultConfigurationName = Release;
		};
		76008FC324ADD72000B858F5 /* Build configuration list for PBXNativeTarget "ViperNews" */ = {
			isa = XCConfigurationList;
			buildConfigurations = (
				76008FC424ADD72000B858F5 /* Debug */,
				76008FC524ADD72000B858F5 /* Release */,
			);
			defaultConfigurationIsVisible = 0;
			defaultConfigurationName = Release;
		};
		76008FC624ADD72000B858F5 /* Build configuration list for PBXNativeTarget "ViperNewsTests" */ = {
			isa = XCConfigurationList;
			buildConfigurations = (
				76008FC724ADD72000B858F5 /* Debug */,
				76008FC824ADD72000B858F5 /* Release */,
			);
			defaultConfigurationIsVisible = 0;
			defaultConfigurationName = Release;
		};
/* End XCConfigurationList section */

/* Begin XCVersionGroup section */
		76008FAD24ADD71E00B858F5 /* ViperNews.xcdatamodeld */ = {
			isa = XCVersionGroup;
			children = (
				76008FAE24ADD71E00B858F5 /* ViperNews.xcdatamodel */,
			);
			currentVersion = 76008FAE24ADD71E00B858F5 /* ViperNews.xcdatamodel */;
			path = ViperNews.xcdatamodeld;
			sourceTree = "<group>";
			versionGroupType = wrapper.xcdatamodel;
		};
/* End XCVersionGroup section */
	};
	rootObject = 76008F9924ADD71E00B858F5 /* Project object */;
}
